// !$*UTF8*$!
{
	archiveVersion = 1;
	classes = {
	};
	objectVersion = 56;
	objects = {

/* Begin PBXBuildFile section */
		042C8D5C2A19294100ABD6E8 /* HomeViewModel.swift in Sources */ = {isa = PBXBuildFile; fileRef = 042C8D5B2A19294100ABD6E8 /* HomeViewModel.swift */; };
		042C8D5E2A192B0600ABD6E8 /* LeaguesTableViewController.swift in Sources */ = {isa = PBXBuildFile; fileRef = 042C8D5D2A192B0600ABD6E8 /* LeaguesTableViewController.swift */; };
		042C8D652A192DA200ABD6E8 /* Names.swift in Sources */ = {isa = PBXBuildFile; fileRef = 042C8D642A192DA200ABD6E8 /* Names.swift */; };
		042C8D6B2A19365F00ABD6E8 /* Network.swift in Sources */ = {isa = PBXBuildFile; fileRef = 042C8D6A2A19365F00ABD6E8 /* Network.swift */; };
		042C8D6F2A1941B700ABD6E8 /* League.swift in Sources */ = {isa = PBXBuildFile; fileRef = 042C8D6E2A1941B700ABD6E8 /* League.swift */; };
		042C8D712A19433A00ABD6E8 /* Fixture.swift in Sources */ = {isa = PBXBuildFile; fileRef = 042C8D702A19433A00ABD6E8 /* Fixture.swift */; };
		042C8D752A1955A100ABD6E8 /* LeagueViewModel.swift in Sources */ = {isa = PBXBuildFile; fileRef = 042C8D742A1955A100ABD6E8 /* LeagueViewModel.swift */; };
		043AE5222A182E4F00638997 /* SportsController.swift in Sources */ = {isa = PBXBuildFile; fileRef = 043AE5212A182E4F00638997 /* SportsController.swift */; };
		043AE5242A182F7B00638997 /* SportsControllerCell.swift in Sources */ = {isa = PBXBuildFile; fileRef = 043AE5232A182F7B00638997 /* SportsControllerCell.swift */; };
		045611C52A1C8C0F0068017F /* SportsVC.swift in Sources */ = {isa = PBXBuildFile; fileRef = 045611C42A1C8C0F0068017F /* SportsVC.swift */; };
		045611C82A1C8C2D0068017F /* SportsCell.swift in Sources */ = {isa = PBXBuildFile; fileRef = 045611C62A1C8C2D0068017F /* SportsCell.swift */; };
		045611C92A1C8C2D0068017F /* SportsCell.xib in Resources */ = {isa = PBXBuildFile; fileRef = 045611C72A1C8C2D0068017F /* SportsCell.xib */; };
		045611CB2A1C93650068017F /* LeaguesVC.swift in Sources */ = {isa = PBXBuildFile; fileRef = 045611CA2A1C93650068017F /* LeaguesVC.swift */; };
		045611CD2A1C98C50068017F /* LeagueDetailsVC.swift in Sources */ = {isa = PBXBuildFile; fileRef = 045611CC2A1C98C50068017F /* LeagueDetailsVC.swift */; };
		045611D02A1C99B00068017F /* EventBottomCell.swift in Sources */ = {isa = PBXBuildFile; fileRef = 045611CE2A1C99B00068017F /* EventBottomCell.swift */; };
		045611D12A1C99B00068017F /* EventBottomCell.xib in Resources */ = {isa = PBXBuildFile; fileRef = 045611CF2A1C99B00068017F /* EventBottomCell.xib */; };
		045611D82A1CADD10068017F /* EventTopCell.swift in Sources */ = {isa = PBXBuildFile; fileRef = 045611D62A1CADD10068017F /* EventTopCell.swift */; };
		045611D92A1CADD10068017F /* EventTopCell.xib in Resources */ = {isa = PBXBuildFile; fileRef = 045611D72A1CADD10068017F /* EventTopCell.xib */; };
		047514B42A1A56E10032D693 /* MyCellLeague.swift in Sources */ = {isa = PBXBuildFile; fileRef = 047514B32A1A56E10032D693 /* MyCellLeague.swift */; };
		047792002A1A9B7600A6017C /* ComposableView.swift in Sources */ = {isa = PBXBuildFile; fileRef = 047791FF2A1A9B7600A6017C /* ComposableView.swift */; };
		047792022A1A9B9400A6017C /* CompTopCell.swift in Sources */ = {isa = PBXBuildFile; fileRef = 047792012A1A9B9400A6017C /* CompTopCell.swift */; };
		047792042A1AAA2C00A6017C /* BottomCell.swift in Sources */ = {isa = PBXBuildFile; fileRef = 047792032A1AAA2C00A6017C /* BottomCell.swift */; };
		047792062A1AB5CC00A6017C /* FixtureViewModel.swift in Sources */ = {isa = PBXBuildFile; fileRef = 047792052A1AB5CC00A6017C /* FixtureViewModel.swift */; };
		047792082A1AE23A00A6017C /* Teams.swift in Sources */ = {isa = PBXBuildFile; fileRef = 047792072A1AE23A00A6017C /* Teams.swift */; };
		047F3C432A181F8F00670C67 /* AppDelegate.swift in Sources */ = {isa = PBXBuildFile; fileRef = 047F3C422A181F8F00670C67 /* AppDelegate.swift */; };
		047F3C452A181F8F00670C67 /* SceneDelegate.swift in Sources */ = {isa = PBXBuildFile; fileRef = 047F3C442A181F8F00670C67 /* SceneDelegate.swift */; };
		047F3C472A181F8F00670C67 /* ViewController.swift in Sources */ = {isa = PBXBuildFile; fileRef = 047F3C462A181F8F00670C67 /* ViewController.swift */; };
		047F3C4A2A181F8F00670C67 /* Main.storyboard in Resources */ = {isa = PBXBuildFile; fileRef = 047F3C482A181F8F00670C67 /* Main.storyboard */; };
		047F3C4D2A181F8F00670C67 /* SportyX.xcdatamodeld in Sources */ = {isa = PBXBuildFile; fileRef = 047F3C4B2A181F8F00670C67 /* SportyX.xcdatamodeld */; };
		047F3C4F2A181F9100670C67 /* Assets.xcassets in Resources */ = {isa = PBXBuildFile; fileRef = 047F3C4E2A181F9100670C67 /* Assets.xcassets */; };
		047F3C522A181F9100670C67 /* LaunchScreen.storyboard in Resources */ = {isa = PBXBuildFile; fileRef = 047F3C502A181F9100670C67 /* LaunchScreen.storyboard */; };
		048D32ED2A1BD3990055FA14 /* PlayerCell.swift in Sources */ = {isa = PBXBuildFile; fileRef = 048D32EC2A1BD3990055FA14 /* PlayerCell.swift */; };
		048D32F72A1BDAE30055FA14 /* TeamVC.swift in Sources */ = {isa = PBXBuildFile; fileRef = 048D32F62A1BDAE30055FA14 /* TeamVC.swift */; };
		048D32F92A1BE3610055FA14 /* PlayersViewModel.swift in Sources */ = {isa = PBXBuildFile; fileRef = 048D32F82A1BE3610055FA14 /* PlayersViewModel.swift */; };
		048D33002A1C19720055FA14 /* FavouriteVC.swift in Sources */ = {isa = PBXBuildFile; fileRef = 048D32FF2A1C19720055FA14 /* FavouriteVC.swift */; };
		048D33032A1C19B00055FA14 /* FavouriteCell.swift in Sources */ = {isa = PBXBuildFile; fileRef = 048D33012A1C19B00055FA14 /* FavouriteCell.swift */; };
		048D33042A1C19B00055FA14 /* FavouriteCell.xib in Resources */ = {isa = PBXBuildFile; fileRef = 048D33022A1C19B00055FA14 /* FavouriteCell.xib */; };
		048D33072A1C1F290055FA14 /* DataBaseManager.swift in Sources */ = {isa = PBXBuildFile; fileRef = 048D33062A1C1F290055FA14 /* DataBaseManager.swift */; };
		DE2802C27E0A46C66C7710E8 /* Pods_SportyX.framework in Frameworks */ = {isa = PBXBuildFile; fileRef = B2E4CF412380A2105C3C658E /* Pods_SportyX.framework */; };
/* End PBXBuildFile section */

/* Begin PBXFileReference section */
		042C8D5B2A19294100ABD6E8 /* HomeViewModel.swift */ = {isa = PBXFileReference; lastKnownFileType = sourcecode.swift; path = HomeViewModel.swift; sourceTree = "<group>"; };
		042C8D5D2A192B0600ABD6E8 /* LeaguesTableViewController.swift */ = {isa = PBXFileReference; lastKnownFileType = sourcecode.swift; path = LeaguesTableViewController.swift; sourceTree = "<group>"; };
		042C8D642A192DA200ABD6E8 /* Names.swift */ = {isa = PBXFileReference; lastKnownFileType = sourcecode.swift; path = Names.swift; sourceTree = "<group>"; };
		042C8D6A2A19365F00ABD6E8 /* Network.swift */ = {isa = PBXFileReference; lastKnownFileType = sourcecode.swift; path = Network.swift; sourceTree = "<group>"; };
		042C8D6E2A1941B700ABD6E8 /* League.swift */ = {isa = PBXFileReference; lastKnownFileType = sourcecode.swift; path = League.swift; sourceTree = "<group>"; };
		042C8D702A19433A00ABD6E8 /* Fixture.swift */ = {isa = PBXFileReference; lastKnownFileType = sourcecode.swift; path = Fixture.swift; sourceTree = "<group>"; };
		042C8D742A1955A100ABD6E8 /* LeagueViewModel.swift */ = {isa = PBXFileReference; lastKnownFileType = sourcecode.swift; path = LeagueViewModel.swift; sourceTree = "<group>"; };
		043AE5212A182E4F00638997 /* SportsController.swift */ = {isa = PBXFileReference; lastKnownFileType = sourcecode.swift; path = SportsController.swift; sourceTree = "<group>"; };
		043AE5232A182F7B00638997 /* SportsControllerCell.swift */ = {isa = PBXFileReference; lastKnownFileType = sourcecode.swift; path = SportsControllerCell.swift; sourceTree = "<group>"; };
		045611C42A1C8C0F0068017F /* SportsVC.swift */ = {isa = PBXFileReference; lastKnownFileType = sourcecode.swift; path = SportsVC.swift; sourceTree = "<group>"; };
		045611C62A1C8C2D0068017F /* SportsCell.swift */ = {isa = PBXFileReference; lastKnownFileType = sourcecode.swift; path = SportsCell.swift; sourceTree = "<group>"; };
		045611C72A1C8C2D0068017F /* SportsCell.xib */ = {isa = PBXFileReference; lastKnownFileType = file.xib; path = SportsCell.xib; sourceTree = "<group>"; };
		045611CA2A1C93650068017F /* LeaguesVC.swift */ = {isa = PBXFileReference; lastKnownFileType = sourcecode.swift; path = LeaguesVC.swift; sourceTree = "<group>"; };
		045611CC2A1C98C50068017F /* LeagueDetailsVC.swift */ = {isa = PBXFileReference; lastKnownFileType = sourcecode.swift; path = LeagueDetailsVC.swift; sourceTree = "<group>"; };
		045611CE2A1C99B00068017F /* EventBottomCell.swift */ = {isa = PBXFileReference; lastKnownFileType = sourcecode.swift; path = EventBottomCell.swift; sourceTree = "<group>"; };
		045611CF2A1C99B00068017F /* EventBottomCell.xib */ = {isa = PBXFileReference; lastKnownFileType = file.xib; path = EventBottomCell.xib; sourceTree = "<group>"; };
		045611D62A1CADD10068017F /* EventTopCell.swift */ = {isa = PBXFileReference; lastKnownFileType = sourcecode.swift; path = EventTopCell.swift; sourceTree = "<group>"; };
		045611D72A1CADD10068017F /* EventTopCell.xib */ = {isa = PBXFileReference; lastKnownFileType = file.xib; path = EventTopCell.xib; sourceTree = "<group>"; };
		047514B32A1A56E10032D693 /* MyCellLeague.swift */ = {isa = PBXFileReference; lastKnownFileType = sourcecode.swift; path = MyCellLeague.swift; sourceTree = "<group>"; };
		047791FF2A1A9B7600A6017C /* ComposableView.swift */ = {isa = PBXFileReference; lastKnownFileType = sourcecode.swift; path = ComposableView.swift; sourceTree = "<group>"; };
		047792012A1A9B9400A6017C /* CompTopCell.swift */ = {isa = PBXFileReference; lastKnownFileType = sourcecode.swift; path = CompTopCell.swift; sourceTree = "<group>"; };
		047792032A1AAA2C00A6017C /* BottomCell.swift */ = {isa = PBXFileReference; lastKnownFileType = sourcecode.swift; path = BottomCell.swift; sourceTree = "<group>"; };
		047792052A1AB5CC00A6017C /* FixtureViewModel.swift */ = {isa = PBXFileReference; lastKnownFileType = sourcecode.swift; path = FixtureViewModel.swift; sourceTree = "<group>"; };
		047792072A1AE23A00A6017C /* Teams.swift */ = {isa = PBXFileReference; lastKnownFileType = sourcecode.swift; path = Teams.swift; sourceTree = "<group>"; };
		047F3C3F2A181F8F00670C67 /* SportyX.app */ = {isa = PBXFileReference; explicitFileType = wrapper.application; includeInIndex = 0; path = SportyX.app; sourceTree = BUILT_PRODUCTS_DIR; };
		047F3C422A181F8F00670C67 /* AppDelegate.swift */ = {isa = PBXFileReference; lastKnownFileType = sourcecode.swift; path = AppDelegate.swift; sourceTree = "<group>"; };
		047F3C442A181F8F00670C67 /* SceneDelegate.swift */ = {isa = PBXFileReference; lastKnownFileType = sourcecode.swift; path = SceneDelegate.swift; sourceTree = "<group>"; };
		047F3C462A181F8F00670C67 /* ViewController.swift */ = {isa = PBXFileReference; lastKnownFileType = sourcecode.swift; path = ViewController.swift; sourceTree = "<group>"; };
		047F3C492A181F8F00670C67 /* Base */ = {isa = PBXFileReference; lastKnownFileType = file.storyboard; name = Base; path = Base.lproj/Main.storyboard; sourceTree = "<group>"; };
		047F3C4C2A181F8F00670C67 /* SportyX.xcdatamodel */ = {isa = PBXFileReference; lastKnownFileType = wrapper.xcdatamodel; path = SportyX.xcdatamodel; sourceTree = "<group>"; };
		047F3C4E2A181F9100670C67 /* Assets.xcassets */ = {isa = PBXFileReference; lastKnownFileType = folder.assetcatalog; path = Assets.xcassets; sourceTree = "<group>"; };
		047F3C512A181F9100670C67 /* Base */ = {isa = PBXFileReference; lastKnownFileType = file.storyboard; name = Base; path = Base.lproj/LaunchScreen.storyboard; sourceTree = "<group>"; };
		047F3C532A181F9100670C67 /* Info.plist */ = {isa = PBXFileReference; lastKnownFileType = text.plist.xml; path = Info.plist; sourceTree = "<group>"; };
		048D32EC2A1BD3990055FA14 /* PlayerCell.swift */ = {isa = PBXFileReference; lastKnownFileType = sourcecode.swift; path = PlayerCell.swift; sourceTree = "<group>"; };
		048D32F62A1BDAE30055FA14 /* TeamVC.swift */ = {isa = PBXFileReference; lastKnownFileType = sourcecode.swift; path = TeamVC.swift; sourceTree = "<group>"; };
		048D32F82A1BE3610055FA14 /* PlayersViewModel.swift */ = {isa = PBXFileReference; lastKnownFileType = sourcecode.swift; path = PlayersViewModel.swift; sourceTree = "<group>"; };
		048D32FF2A1C19720055FA14 /* FavouriteVC.swift */ = {isa = PBXFileReference; lastKnownFileType = sourcecode.swift; path = FavouriteVC.swift; sourceTree = "<group>"; };
		048D33012A1C19B00055FA14 /* FavouriteCell.swift */ = {isa = PBXFileReference; lastKnownFileType = sourcecode.swift; path = FavouriteCell.swift; sourceTree = "<group>"; };
		048D33022A1C19B00055FA14 /* FavouriteCell.xib */ = {isa = PBXFileReference; lastKnownFileType = file.xib; path = FavouriteCell.xib; sourceTree = "<group>"; };
		048D33062A1C1F290055FA14 /* DataBaseManager.swift */ = {isa = PBXFileReference; lastKnownFileType = sourcecode.swift; path = DataBaseManager.swift; sourceTree = "<group>"; };
		9297EC027883FC939078F1CA /* Pods-SportyX.debug.xcconfig */ = {isa = PBXFileReference; includeInIndex = 1; lastKnownFileType = text.xcconfig; name = "Pods-SportyX.debug.xcconfig"; path = "Target Support Files/Pods-SportyX/Pods-SportyX.debug.xcconfig"; sourceTree = "<group>"; };
		B2E4CF412380A2105C3C658E /* Pods_SportyX.framework */ = {isa = PBXFileReference; explicitFileType = wrapper.framework; includeInIndex = 0; path = Pods_SportyX.framework; sourceTree = BUILT_PRODUCTS_DIR; };
		FBE5D40089EDE27CE7BD251D /* Pods-SportyX.release.xcconfig */ = {isa = PBXFileReference; includeInIndex = 1; lastKnownFileType = text.xcconfig; name = "Pods-SportyX.release.xcconfig"; path = "Target Support Files/Pods-SportyX/Pods-SportyX.release.xcconfig"; sourceTree = "<group>"; };
/* End PBXFileReference section */

/* Begin PBXFrameworksBuildPhase section */
		047F3C3C2A181F8F00670C67 /* Frameworks */ = {
			isa = PBXFrameworksBuildPhase;
			buildActionMask = 2147483647;
			files = (
				DE2802C27E0A46C66C7710E8 /* Pods_SportyX.framework in Frameworks */,
			);
			runOnlyForDeploymentPostprocessing = 0;
		};
/* End PBXFrameworksBuildPhase section */

/* Begin PBXGroup section */
		042C8D542A1926F200ABD6E8 /* Model */ = {
			isa = PBXGroup;
			children = (
				042C8D642A192DA200ABD6E8 /* Names.swift */,
				042C8D6E2A1941B700ABD6E8 /* League.swift */,
				042C8D702A19433A00ABD6E8 /* Fixture.swift */,
				047792072A1AE23A00A6017C /* Teams.swift */,
			);
			path = Model;
			sourceTree = "<group>";
		};
		042C8D552A19278400ABD6E8 /* Modules */ = {
			isa = PBXGroup;
			children = (
				048D32FA2A1C18BC0055FA14 /* Favourite */,
				048D32E92A1BD32F0055FA14 /* TeamDetails */,
				047791FC2A1A9B0100A6017C /* Events */,
				042C8D5F2A192B1700ABD6E8 /* Leagues */,
				042C8D562A19279300ABD6E8 /* Home */,
			);
			path = Modules;
			sourceTree = "<group>";
		};
		042C8D562A19279300ABD6E8 /* Home */ = {
			isa = PBXGroup;
			children = (
				042C8D592A1927D600ABD6E8 /* ViewModel */,
				042C8D582A1927C800ABD6E8 /* View */,
			);
			path = Home;
			sourceTree = "<group>";
		};
		042C8D582A1927C800ABD6E8 /* View */ = {
			isa = PBXGroup;
			children = (
				043AE5232A182F7B00638997 /* SportsControllerCell.swift */,
				043AE5212A182E4F00638997 /* SportsController.swift */,
				045611C42A1C8C0F0068017F /* SportsVC.swift */,
				045611C62A1C8C2D0068017F /* SportsCell.swift */,
				045611C72A1C8C2D0068017F /* SportsCell.xib */,
			);
			path = View;
			sourceTree = "<group>";
		};
		042C8D592A1927D600ABD6E8 /* ViewModel */ = {
			isa = PBXGroup;
			children = (
				042C8D5B2A19294100ABD6E8 /* HomeViewModel.swift */,
			);
			path = ViewModel;
			sourceTree = "<group>";
		};
		042C8D5F2A192B1700ABD6E8 /* Leagues */ = {
			isa = PBXGroup;
			children = (
				042C8D612A192B2C00ABD6E8 /* ViewModel */,
				042C8D602A192B2300ABD6E8 /* View */,
			);
			path = Leagues;
			sourceTree = "<group>";
		};
		042C8D602A192B2300ABD6E8 /* View */ = {
			isa = PBXGroup;
			children = (
				042C8D5D2A192B0600ABD6E8 /* LeaguesTableViewController.swift */,
				047514B32A1A56E10032D693 /* MyCellLeague.swift */,
				045611CA2A1C93650068017F /* LeaguesVC.swift */,
			);
			path = View;
			sourceTree = "<group>";
		};
		042C8D612A192B2C00ABD6E8 /* ViewModel */ = {
			isa = PBXGroup;
			children = (
				042C8D742A1955A100ABD6E8 /* LeagueViewModel.swift */,
			);
			path = ViewModel;
			sourceTree = "<group>";
		};
		042C8D682A19361100ABD6E8 /* Services */ = {
			isa = PBXGroup;
			children = (
				048D33052A1C1CB60055FA14 /* LocalSource */,
				042C8D692A19362600ABD6E8 /* RemoteSource */,
			);
			path = Services;
			sourceTree = "<group>";
		};
		042C8D692A19362600ABD6E8 /* RemoteSource */ = {
			isa = PBXGroup;
			children = (
				042C8D6A2A19365F00ABD6E8 /* Network.swift */,
			);
			path = RemoteSource;
			sourceTree = "<group>";
		};
		047791FC2A1A9B0100A6017C /* Events */ = {
			isa = PBXGroup;
			children = (
				047791FE2A1A9B3F00A6017C /* View */,
				047791FD2A1A9B2F00A6017C /* ViewModel */,
			);
			path = Events;
			sourceTree = "<group>";
		};
		047791FD2A1A9B2F00A6017C /* ViewModel */ = {
			isa = PBXGroup;
			children = (
				047792052A1AB5CC00A6017C /* FixtureViewModel.swift */,
			);
			path = ViewModel;
			sourceTree = "<group>";
		};
		047791FE2A1A9B3F00A6017C /* View */ = {
			isa = PBXGroup;
			children = (
				047791FF2A1A9B7600A6017C /* ComposableView.swift */,
				047792012A1A9B9400A6017C /* CompTopCell.swift */,
				047792032A1AAA2C00A6017C /* BottomCell.swift */,
				045611CC2A1C98C50068017F /* LeagueDetailsVC.swift */,
				045611CE2A1C99B00068017F /* EventBottomCell.swift */,
				045611CF2A1C99B00068017F /* EventBottomCell.xib */,
				045611D62A1CADD10068017F /* EventTopCell.swift */,
				045611D72A1CADD10068017F /* EventTopCell.xib */,
			);
			path = View;
			sourceTree = "<group>";
		};
		047F3C362A181F8E00670C67 = {
			isa = PBXGroup;
			children = (
				047F3C412A181F8F00670C67 /* SportyX */,
				047F3C402A181F8F00670C67 /* Products */,
				459C9B9507CE4BF91360401B /* Pods */,
				B6B349041B76BF12309FDAC9 /* Frameworks */,
			);
			sourceTree = "<group>";
		};
		047F3C402A181F8F00670C67 /* Products */ = {
			isa = PBXGroup;
			children = (
				047F3C3F2A181F8F00670C67 /* SportyX.app */,
			);
			name = Products;
			sourceTree = "<group>";
		};
		047F3C412A181F8F00670C67 /* SportyX */ = {
			isa = PBXGroup;
			children = (
				047F3C462A181F8F00670C67 /* ViewController.swift */,
				047F3C442A181F8F00670C67 /* SceneDelegate.swift */,
				047F3C422A181F8F00670C67 /* AppDelegate.swift */,
				047F3C502A181F9100670C67 /* LaunchScreen.storyboard */,
				047F3C482A181F8F00670C67 /* Main.storyboard */,
				042C8D682A19361100ABD6E8 /* Services */,
				042C8D552A19278400ABD6E8 /* Modules */,
				042C8D542A1926F200ABD6E8 /* Model */,
				047F3C4E2A181F9100670C67 /* Assets.xcassets */,
				047F3C532A181F9100670C67 /* Info.plist */,
				047F3C4B2A181F8F00670C67 /* SportyX.xcdatamodeld */,
			);
			path = SportyX;
			sourceTree = "<group>";
		};
		048D32E92A1BD32F0055FA14 /* TeamDetails */ = {
			isa = PBXGroup;
			children = (
				048D32EB2A1BD35F0055FA14 /* ViewModel */,
				048D32EA2A1BD3430055FA14 /* View */,
			);
			path = TeamDetails;
			sourceTree = "<group>";
		};
		048D32EA2A1BD3430055FA14 /* View */ = {
			isa = PBXGroup;
			children = (
				048D32EC2A1BD3990055FA14 /* PlayerCell.swift */,
				048D32F62A1BDAE30055FA14 /* TeamVC.swift */,
			);
			path = View;
			sourceTree = "<group>";
		};
		048D32EB2A1BD35F0055FA14 /* ViewModel */ = {
			isa = PBXGroup;
			children = (
				048D32F82A1BE3610055FA14 /* PlayersViewModel.swift */,
			);
			path = ViewModel;
			sourceTree = "<group>";
		};
		048D32FA2A1C18BC0055FA14 /* Favourite */ = {
			isa = PBXGroup;
			children = (
				048D32FC2A1C18D40055FA14 /* ViewModel */,
				048D32FB2A1C18CB0055FA14 /* view */,
			);
			path = Favourite;
			sourceTree = "<group>";
		};
		048D32FB2A1C18CB0055FA14 /* view */ = {
			isa = PBXGroup;
			children = (
				048D32FF2A1C19720055FA14 /* FavouriteVC.swift */,
				048D33012A1C19B00055FA14 /* FavouriteCell.swift */,
				048D33022A1C19B00055FA14 /* FavouriteCell.xib */,
			);
			path = view;
			sourceTree = "<group>";
		};
		048D32FC2A1C18D40055FA14 /* ViewModel */ = {
			isa = PBXGroup;
			children = (
			);
			path = ViewModel;
			sourceTree = "<group>";
		};
		048D33052A1C1CB60055FA14 /* LocalSource */ = {
			isa = PBXGroup;
			children = (
				048D33062A1C1F290055FA14 /* DataBaseManager.swift */,
			);
			path = LocalSource;
			sourceTree = "<group>";
		};
		459C9B9507CE4BF91360401B /* Pods */ = {
			isa = PBXGroup;
			children = (
				9297EC027883FC939078F1CA /* Pods-SportyX.debug.xcconfig */,
				FBE5D40089EDE27CE7BD251D /* Pods-SportyX.release.xcconfig */,
			);
			path = Pods;
			sourceTree = "<group>";
		};
		B6B349041B76BF12309FDAC9 /* Frameworks */ = {
			isa = PBXGroup;
			children = (
				B2E4CF412380A2105C3C658E /* Pods_SportyX.framework */,
			);
			name = Frameworks;
			sourceTree = "<group>";
		};
/* End PBXGroup section */

/* Begin PBXNativeTarget section */
		047F3C3E2A181F8F00670C67 /* SportyX */ = {
			isa = PBXNativeTarget;
			buildConfigurationList = 047F3C562A181F9100670C67 /* Build configuration list for PBXNativeTarget "SportyX" */;
			buildPhases = (
				43E90C82E89B47DFCDAC931A /* [CP] Check Pods Manifest.lock */,
				047F3C3B2A181F8F00670C67 /* Sources */,
				047F3C3C2A181F8F00670C67 /* Frameworks */,
				047F3C3D2A181F8F00670C67 /* Resources */,
				693A6DEC164DB5DE36BD7E62 /* [CP] Embed Pods Frameworks */,
			);
			buildRules = (
			);
			dependencies = (
			);
			name = SportyX;
			productName = SportyX;
			productReference = 047F3C3F2A181F8F00670C67 /* SportyX.app */;
			productType = "com.apple.product-type.application";
		};
/* End PBXNativeTarget section */

/* Begin PBXProject section */
		047F3C372A181F8E00670C67 /* Project object */ = {
			isa = PBXProject;
			attributes = {
				BuildIndependentTargetsInParallel = 1;
				LastSwiftUpdateCheck = 1410;
				LastUpgradeCheck = 1410;
				TargetAttributes = {
					047F3C3E2A181F8F00670C67 = {
						CreatedOnToolsVersion = 14.1;
					};
				};
			};
			buildConfigurationList = 047F3C3A2A181F8E00670C67 /* Build configuration list for PBXProject "SportyX" */;
			compatibilityVersion = "Xcode 14.0";
			developmentRegion = en;
			hasScannedForEncodings = 0;
			knownRegions = (
				en,
				Base,
			);
			mainGroup = 047F3C362A181F8E00670C67;
			productRefGroup = 047F3C402A181F8F00670C67 /* Products */;
			projectDirPath = "";
			projectRoot = "";
			targets = (
				047F3C3E2A181F8F00670C67 /* SportyX */,
			);
		};
/* End PBXProject section */

/* Begin PBXResourcesBuildPhase section */
		047F3C3D2A181F8F00670C67 /* Resources */ = {
			isa = PBXResourcesBuildPhase;
			buildActionMask = 2147483647;
			files = (
				047F3C522A181F9100670C67 /* LaunchScreen.storyboard in Resources */,
				045611C92A1C8C2D0068017F /* SportsCell.xib in Resources */,
				047F3C4F2A181F9100670C67 /* Assets.xcassets in Resources */,
				047F3C4A2A181F8F00670C67 /* Main.storyboard in Resources */,
				048D33042A1C19B00055FA14 /* FavouriteCell.xib in Resources */,
				045611D92A1CADD10068017F /* EventTopCell.xib in Resources */,
				045611D12A1C99B00068017F /* EventBottomCell.xib in Resources */,
			);
			runOnlyForDeploymentPostprocessing = 0;
		};
/* End PBXResourcesBuildPhase section */

/* Begin PBXShellScriptBuildPhase section */
		43E90C82E89B47DFCDAC931A /* [CP] Check Pods Manifest.lock */ = {
			isa = PBXShellScriptBuildPhase;
			buildActionMask = 2147483647;
			files = (
			);
			inputFileListPaths = (
			);
			inputPaths = (
				"${PODS_PODFILE_DIR_PATH}/Podfile.lock",
				"${PODS_ROOT}/Manifest.lock",
			);
			name = "[CP] Check Pods Manifest.lock";
			outputFileListPaths = (
			);
			outputPaths = (
				"$(DERIVED_FILE_DIR)/Pods-SportyX-checkManifestLockResult.txt",
			);
			runOnlyForDeploymentPostprocessing = 0;
			shellPath = /bin/sh;
			shellScript = "diff \"${PODS_PODFILE_DIR_PATH}/Podfile.lock\" \"${PODS_ROOT}/Manifest.lock\" > /dev/null\nif [ $? != 0 ] ; then\n    # print error to STDERR\n    echo \"error: The sandbox is not in sync with the Podfile.lock. Run 'pod install' or update your CocoaPods installation.\" >&2\n    exit 1\nfi\n# This output is used by Xcode 'outputs' to avoid re-running this script phase.\necho \"SUCCESS\" > \"${SCRIPT_OUTPUT_FILE_0}\"\n";
			showEnvVarsInLog = 0;
		};
		693A6DEC164DB5DE36BD7E62 /* [CP] Embed Pods Frameworks */ = {
			isa = PBXShellScriptBuildPhase;
			buildActionMask = 2147483647;
			files = (
			);
			inputFileListPaths = (
				"${PODS_ROOT}/Target Support Files/Pods-SportyX/Pods-SportyX-frameworks-${CONFIGURATION}-input-files.xcfilelist",
			);
			name = "[CP] Embed Pods Frameworks";
			outputFileListPaths = (
				"${PODS_ROOT}/Target Support Files/Pods-SportyX/Pods-SportyX-frameworks-${CONFIGURATION}-output-files.xcfilelist",
			);
			runOnlyForDeploymentPostprocessing = 0;
			shellPath = /bin/sh;
			shellScript = "\"${PODS_ROOT}/Target Support Files/Pods-SportyX/Pods-SportyX-frameworks.sh\"\n";
			showEnvVarsInLog = 0;
		};
/* End PBXShellScriptBuildPhase section */

/* Begin PBXSourcesBuildPhase section */
		047F3C3B2A181F8F00670C67 /* Sources */ = {
			isa = PBXSourcesBuildPhase;
			buildActionMask = 2147483647;
			files = (
				045611D82A1CADD10068017F /* EventTopCell.swift in Sources */,
				048D33002A1C19720055FA14 /* FavouriteVC.swift in Sources */,
				045611D02A1C99B00068017F /* EventBottomCell.swift in Sources */,
				042C8D652A192DA200ABD6E8 /* Names.swift in Sources */,
				042C8D5E2A192B0600ABD6E8 /* LeaguesTableViewController.swift in Sources */,
				047F3C472A181F8F00670C67 /* ViewController.swift in Sources */,
				048D32F92A1BE3610055FA14 /* PlayersViewModel.swift in Sources */,
				043AE5222A182E4F00638997 /* SportsController.swift in Sources */,
				048D32ED2A1BD3990055FA14 /* PlayerCell.swift in Sources */,
				047792022A1A9B9400A6017C /* CompTopCell.swift in Sources */,
				042C8D6B2A19365F00ABD6E8 /* Network.swift in Sources */,
				042C8D6F2A1941B700ABD6E8 /* League.swift in Sources */,
				047514B42A1A56E10032D693 /* MyCellLeague.swift in Sources */,
				042C8D5C2A19294100ABD6E8 /* HomeViewModel.swift in Sources */,
				047F3C4D2A181F8F00670C67 /* SportyX.xcdatamodeld in Sources */,
				045611CB2A1C93650068017F /* LeaguesVC.swift in Sources */,
				045611C52A1C8C0F0068017F /* SportsVC.swift in Sources */,
				047F3C432A181F8F00670C67 /* AppDelegate.swift in Sources */,
				047792062A1AB5CC00A6017C /* FixtureViewModel.swift in Sources */,
				047792042A1AAA2C00A6017C /* BottomCell.swift in Sources */,
				042C8D712A19433A00ABD6E8 /* Fixture.swift in Sources */,
				043AE5242A182F7B00638997 /* SportsControllerCell.swift in Sources */,
				047F3C452A181F8F00670C67 /* SceneDelegate.swift in Sources */,
				048D33072A1C1F290055FA14 /* DataBaseManager.swift in Sources */,
				045611CD2A1C98C50068017F /* LeagueDetailsVC.swift in Sources */,
				048D33032A1C19B00055FA14 /* FavouriteCell.swift in Sources */,
				042C8D752A1955A100ABD6E8 /* LeagueViewModel.swift in Sources */,
				047792002A1A9B7600A6017C /* ComposableView.swift in Sources */,
				048D32F72A1BDAE30055FA14 /* TeamVC.swift in Sources */,
				045611C82A1C8C2D0068017F /* SportsCell.swift in Sources */,
				047792082A1AE23A00A6017C /* Teams.swift in Sources */,
			);
			runOnlyForDeploymentPostprocessing = 0;
		};
/* End PBXSourcesBuildPhase section */

/* Begin PBXVariantGroup section */
		047F3C482A181F8F00670C67 /* Main.storyboard */ = {
			isa = PBXVariantGroup;
			children = (
				047F3C492A181F8F00670C67 /* Base */,
			);
			name = Main.storyboard;
			sourceTree = "<group>";
		};
		047F3C502A181F9100670C67 /* LaunchScreen.storyboard */ = {
			isa = PBXVariantGroup;
			children = (
				047F3C512A181F9100670C67 /* Base */,
			);
			name = LaunchScreen.storyboard;
			sourceTree = "<group>";
		};
/* End PBXVariantGroup section */

/* Begin XCBuildConfiguration section */
		047F3C542A181F9100670C67 /* Debug */ = {
			isa = XCBuildConfiguration;
			buildSettings = {
				ALWAYS_SEARCH_USER_PATHS = NO;
				CLANG_ANALYZER_NONNULL = YES;
				CLANG_ANALYZER_NUMBER_OBJECT_CONVERSION = YES_AGGRESSIVE;
				CLANG_CXX_LANGUAGE_STANDARD = "gnu++20";
				CLANG_ENABLE_MODULES = YES;
				CLANG_ENABLE_OBJC_ARC = YES;
				CLANG_ENABLE_OBJC_WEAK = YES;
				CLANG_WARN_BLOCK_CAPTURE_AUTORELEASING = YES;
				CLANG_WARN_BOOL_CONVERSION = YES;
				CLANG_WARN_COMMA = YES;
				CLANG_WARN_CONSTANT_CONVERSION = YES;
				CLANG_WARN_DEPRECATED_OBJC_IMPLEMENTATIONS = YES;
				CLANG_WARN_DIRECT_OBJC_ISA_USAGE = YES_ERROR;
				CLANG_WARN_DOCUMENTATION_COMMENTS = YES;
				CLANG_WARN_EMPTY_BODY = YES;
				CLANG_WARN_ENUM_CONVERSION = YES;
				CLANG_WARN_INFINITE_RECURSION = YES;
				CLANG_WARN_INT_CONVERSION = YES;
				CLANG_WARN_NON_LITERAL_NULL_CONVERSION = YES;
				CLANG_WARN_OBJC_IMPLICIT_RETAIN_SELF = YES;
				CLANG_WARN_OBJC_LITERAL_CONVERSION = YES;
				CLANG_WARN_OBJC_ROOT_CLASS = YES_ERROR;
				CLANG_WARN_QUOTED_INCLUDE_IN_FRAMEWORK_HEADER = YES;
				CLANG_WARN_RANGE_LOOP_ANALYSIS = YES;
				CLANG_WARN_STRICT_PROTOTYPES = YES;
				CLANG_WARN_SUSPICIOUS_MOVE = YES;
				CLANG_WARN_UNGUARDED_AVAILABILITY = YES_AGGRESSIVE;
				CLANG_WARN_UNREACHABLE_CODE = YES;
				CLANG_WARN__DUPLICATE_METHOD_MATCH = YES;
				COPY_PHASE_STRIP = NO;
				DEBUG_INFORMATION_FORMAT = dwarf;
				ENABLE_STRICT_OBJC_MSGSEND = YES;
				ENABLE_TESTABILITY = YES;
				GCC_C_LANGUAGE_STANDARD = gnu11;
				GCC_DYNAMIC_NO_PIC = NO;
				GCC_NO_COMMON_BLOCKS = YES;
				GCC_OPTIMIZATION_LEVEL = 0;
				GCC_PREPROCESSOR_DEFINITIONS = (
					"DEBUG=1",
					"$(inherited)",
				);
				GCC_WARN_64_TO_32_BIT_CONVERSION = YES;
				GCC_WARN_ABOUT_RETURN_TYPE = YES_ERROR;
				GCC_WARN_UNDECLARED_SELECTOR = YES;
				GCC_WARN_UNINITIALIZED_AUTOS = YES_AGGRESSIVE;
				GCC_WARN_UNUSED_FUNCTION = YES;
				GCC_WARN_UNUSED_VARIABLE = YES;
				IPHONEOS_DEPLOYMENT_TARGET = 16.1;
				MTL_ENABLE_DEBUG_INFO = INCLUDE_SOURCE;
				MTL_FAST_MATH = YES;
				ONLY_ACTIVE_ARCH = YES;
				SDKROOT = iphoneos;
				SWIFT_ACTIVE_COMPILATION_CONDITIONS = DEBUG;
				SWIFT_OPTIMIZATION_LEVEL = "-Onone";
			};
			name = Debug;
		};
		047F3C552A181F9100670C67 /* Release */ = {
			isa = XCBuildConfiguration;
			buildSettings = {
				ALWAYS_SEARCH_USER_PATHS = NO;
				CLANG_ANALYZER_NONNULL = YES;
				CLANG_ANALYZER_NUMBER_OBJECT_CONVERSION = YES_AGGRESSIVE;
				CLANG_CXX_LANGUAGE_STANDARD = "gnu++20";
				CLANG_ENABLE_MODULES = YES;
				CLANG_ENABLE_OBJC_ARC = YES;
				CLANG_ENABLE_OBJC_WEAK = YES;
				CLANG_WARN_BLOCK_CAPTURE_AUTORELEASING = YES;
				CLANG_WARN_BOOL_CONVERSION = YES;
				CLANG_WARN_COMMA = YES;
				CLANG_WARN_CONSTANT_CONVERSION = YES;
				CLANG_WARN_DEPRECATED_OBJC_IMPLEMENTATIONS = YES;
				CLANG_WARN_DIRECT_OBJC_ISA_USAGE = YES_ERROR;
				CLANG_WARN_DOCUMENTATION_COMMENTS = YES;
				CLANG_WARN_EMPTY_BODY = YES;
				CLANG_WARN_ENUM_CONVERSION = YES;
				CLANG_WARN_INFINITE_RECURSION = YES;
				CLANG_WARN_INT_CONVERSION = YES;
				CLANG_WARN_NON_LITERAL_NULL_CONVERSION = YES;
				CLANG_WARN_OBJC_IMPLICIT_RETAIN_SELF = YES;
				CLANG_WARN_OBJC_LITERAL_CONVERSION = YES;
				CLANG_WARN_OBJC_ROOT_CLASS = YES_ERROR;
				CLANG_WARN_QUOTED_INCLUDE_IN_FRAMEWORK_HEADER = YES;
				CLANG_WARN_RANGE_LOOP_ANALYSIS = YES;
				CLANG_WARN_STRICT_PROTOTYPES = YES;
				CLANG_WARN_SUSPICIOUS_MOVE = YES;
				CLANG_WARN_UNGUARDED_AVAILABILITY = YES_AGGRESSIVE;
				CLANG_WARN_UNREACHABLE_CODE = YES;
				CLANG_WARN__DUPLICATE_METHOD_MATCH = YES;
				COPY_PHASE_STRIP = NO;
				DEBUG_INFORMATION_FORMAT = "dwarf-with-dsym";
				ENABLE_NS_ASSERTIONS = NO;
				ENABLE_STRICT_OBJC_MSGSEND = YES;
				GCC_C_LANGUAGE_STANDARD = gnu11;
				GCC_NO_COMMON_BLOCKS = YES;
				GCC_WARN_64_TO_32_BIT_CONVERSION = YES;
				GCC_WARN_ABOUT_RETURN_TYPE = YES_ERROR;
				GCC_WARN_UNDECLARED_SELECTOR = YES;
				GCC_WARN_UNINITIALIZED_AUTOS = YES_AGGRESSIVE;
				GCC_WARN_UNUSED_FUNCTION = YES;
				GCC_WARN_UNUSED_VARIABLE = YES;
				IPHONEOS_DEPLOYMENT_TARGET = 16.1;
				MTL_ENABLE_DEBUG_INFO = NO;
				MTL_FAST_MATH = YES;
				SDKROOT = iphoneos;
				SWIFT_COMPILATION_MODE = wholemodule;
				SWIFT_OPTIMIZATION_LEVEL = "-O";
				VALIDATE_PRODUCT = YES;
			};
			name = Release;
		};
		047F3C572A181F9100670C67 /* Debug */ = {
			isa = XCBuildConfiguration;
			baseConfigurationReference = 9297EC027883FC939078F1CA /* Pods-SportyX.debug.xcconfig */;
			buildSettings = {
				ASSETCATALOG_COMPILER_APPICON_NAME = AppIcon;
				ASSETCATALOG_COMPILER_GLOBAL_ACCENT_COLOR_NAME = AccentColor;
				CODE_SIGN_STYLE = Automatic;
				CURRENT_PROJECT_VERSION = 1;
				GENERATE_INFOPLIST_FILE = YES;
				INFOPLIST_FILE = SportyX/Info.plist;
				INFOPLIST_KEY_UIApplicationSupportsIndirectInputEvents = YES;
				INFOPLIST_KEY_UILaunchStoryboardName = LaunchScreen;
				INFOPLIST_KEY_UIMainStoryboardFile = Main;
				INFOPLIST_KEY_UISupportedInterfaceOrientations = UIInterfaceOrientationPortrait;
				INFOPLIST_KEY_UISupportedInterfaceOrientations_iPad = "UIInterfaceOrientationPortrait UIInterfaceOrientationPortraitUpsideDown";
				LD_RUNPATH_SEARCH_PATHS = (
					"$(inherited)",
					"@executable_path/Frameworks",
				);
				MARKETING_VERSION = 1.0;
				PRODUCT_BUNDLE_IDENTIFIER = iti.SportyX;
				PRODUCT_NAME = "$(TARGET_NAME)";
				SWIFT_EMIT_LOC_STRINGS = YES;
				SWIFT_VERSION = 5.0;
				TARGETED_DEVICE_FAMILY = "1,2";
			};
			name = Debug;
		};
		047F3C582A181F9100670C67 /* Release */ = {
			isa = XCBuildConfiguration;
			baseConfigurationReference = FBE5D40089EDE27CE7BD251D /* Pods-SportyX.release.xcconfig */;
			buildSettings = {
				ASSETCATALOG_COMPILER_APPICON_NAME = AppIcon;
				ASSETCATALOG_COMPILER_GLOBAL_ACCENT_COLOR_NAME = AccentColor;
				CODE_SIGN_STYLE = Automatic;
				CURRENT_PROJECT_VERSION = 1;
				GENERATE_INFOPLIST_FILE = YES;
				INFOPLIST_FILE = SportyX/Info.plist;
				INFOPLIST_KEY_UIApplicationSupportsIndirectInputEvents = YES;
				INFOPLIST_KEY_UILaunchStoryboardName = LaunchScreen;
				INFOPLIST_KEY_UIMainStoryboardFile = Main;
				INFOPLIST_KEY_UISupportedInterfaceOrientations = UIInterfaceOrientationPortrait;
				INFOPLIST_KEY_UISupportedInterfaceOrientations_iPad = "UIInterfaceOrientationPortrait UIInterfaceOrientationPortraitUpsideDown";
				LD_RUNPATH_SEARCH_PATHS = (
					"$(inherited)",
					"@executable_path/Frameworks",
				);
				MARKETING_VERSION = 1.0;
				PRODUCT_BUNDLE_IDENTIFIER = iti.SportyX;
				PRODUCT_NAME = "$(TARGET_NAME)";
				SWIFT_EMIT_LOC_STRINGS = YES;
				SWIFT_VERSION = 5.0;
				TARGETED_DEVICE_FAMILY = "1,2";
			};
			name = Release;
		};
/* End XCBuildConfiguration section */

/* Begin XCConfigurationList section */
		047F3C3A2A181F8E00670C67 /* Build configuration list for PBXProject "SportyX" */ = {
			isa = XCConfigurationList;
			buildConfigurations = (
				047F3C542A181F9100670C67 /* Debug */,
				047F3C552A181F9100670C67 /* Release */,
			);
			defaultConfigurationIsVisible = 0;
			defaultConfigurationName = Release;
		};
		047F3C562A181F9100670C67 /* Build configuration list for PBXNativeTarget "SportyX" */ = {
			isa = XCConfigurationList;
			buildConfigurations = (
				047F3C572A181F9100670C67 /* Debug */,
				047F3C582A181F9100670C67 /* Release */,
			);
			defaultConfigurationIsVisible = 0;
			defaultConfigurationName = Release;
		};
/* End XCConfigurationList section */

/* Begin XCVersionGroup section */
		047F3C4B2A181F8F00670C67 /* SportyX.xcdatamodeld */ = {
			isa = XCVersionGroup;
			children = (
				047F3C4C2A181F8F00670C67 /* SportyX.xcdatamodel */,
			);
			currentVersion = 047F3C4C2A181F8F00670C67 /* SportyX.xcdatamodel */;
			path = SportyX.xcdatamodeld;
			sourceTree = "<group>";
			versionGroupType = wrapper.xcdatamodel;
		};
/* End XCVersionGroup section */
	};
	rootObject = 047F3C372A181F8E00670C67 /* Project object */;
}
